{
  "name": "www",
  "version": "1.0.0",
  "lockfileVersion": 1,
  "requires": true,
  "dependencies": {
    "@cronapp/framework-core": {
      "version": "3.0.0-SP.47",
      "resolved": "https://registry.npmjs.org/@cronapp/framework-core/-/framework-core-3.0.0-SP.47.tgz",
      "integrity": "sha512-sji07hM78hwHDWodlYRy7TRsuNFpFHwr9+9QC3HhoriNVRF0vj9W3JiNDbm4YvZWzz8b0cLhQ01FEJNTMbx4Iw==",
      "requires": {
        "flat": "5.0.2",
        "reflect-metadata": "0.1.13",
        "tsyringe": "4.5.0"
      }
    },
    "@zxing/library": {
      "version": "0.18.5",
      "resolved": "https://registry.npmjs.org/@zxing/library/-/library-0.18.5.tgz",
      "integrity": "sha512-ipJeSBUQXgrJbgRotmDiSr+1/EeEJFPHbODrewGdz1sDbhWS+iWuHMrboqy/J+zbzYj3h5W7RGUsbkGY+34DKw==",
      "requires": {
        "@zxing/text-encoding": "~0.9.0",
        "ts-custom-error": "^3.0.0"
      }
    },
    "@zxing/text-encoding": {
      "version": "0.9.0",
      "resolved": "https://registry.npmjs.org/@zxing/text-encoding/-/text-encoding-0.9.0.tgz",
      "integrity": "sha512-U/4aVJ2mxI0aDNI8Uq0wEhMgY+u4CNtEb0om3+y3+niDAsoTCOB33UF0sxpzqzdqXLqmvc+vZyAt4O8pPdfkwA==",
      "optional": true
    },
    "angular": {
      "version": "1.6.0",
      "resolved": "https://registry.npmjs.org/angular/-/angular-1.6.0.tgz",
      "integrity": "sha512-2iYr9Jkh2HNQjKUnsF48ej+BdB93VA98blnc5t5XvaxPntjGKj4Lu1juZC+i7/5g8w7FeJ/dSSCuij2XquxrJQ=="
    },
    "angular-aria": {
      "version": "1.6.0",
      "resolved": "https://registry.npmjs.org/angular-aria/-/angular-aria-1.6.0.tgz",
      "integrity": "sha512-ndHziRU3syEvjZmVRMUGAqVJoBii7YaNh/nnRvukhcD9B9qKwiZBfq7nUt9atGH5+nMMufbZiXI/XSu3dez64w=="
    },
    "angular-cookies": {
      "version": "1.6.0",
      "resolved": "https://registry.npmjs.org/angular-cookies/-/angular-cookies-1.6.0.tgz",
      "integrity": "sha512-VXdv1jDT3BqBmn+GBErwhepyBZYzSYW7rCY3X5c41XsdgfsdTvW2KKY55bxRY68eptPiLA/OpsRLqIHtHnD5sw=="
    },
    "angular-dynamic-locale": {
      "version": "0.1.32",
      "resolved": "https://registry.npmjs.org/angular-dynamic-locale/-/angular-dynamic-locale-0.1.32.tgz",
      "integrity": "sha512-Q+8Vbb9hlM+mXD09JO/BJanmk9wvcDbovTOIDYc6efFWgS6QqBXpiAD86YZaHbyJ45hM6MEWqbkJv+pnJKQgpQ=="
    },
    "angular-i18n": {
      "version": "1.4.5",
      "resolved": "https://registry.npmjs.org/angular-i18n/-/angular-i18n-1.4.5.tgz",
      "integrity": "sha512-wPyfIrgaIayIHBOFix6vSgoyrfMdwXYIIV/pJFfupt366Xx79W3o9pLFH9zbL7Y1Zhhy5S7wbXSY3j89r9TnhQ=="
    },
    "angular-messages": {
      "version": "1.6.0",
      "resolved": "https://registry.npmjs.org/angular-messages/-/angular-messages-1.6.0.tgz",
      "integrity": "sha512-ydTvBSoz9gwH3eA2ljqTYJKWDu1lC9lFwe8FMTDdhNAhFmMfkaHqYxVY6xt4i/edofwMP5iIs/h/K1B9bV9PSQ=="
    },
    "angular-moment": {
      "version": "1.2.0",
      "resolved": "https://registry.npmjs.org/angular-moment/-/angular-moment-1.2.0.tgz",
      "integrity": "sha512-0jm7AfCTk/zbBuVuoz9MecMplGfTQ9Wk9JB8J4qYX9IddcETRukpbKXMy27YTL1wKwYJkRTbGMu/Pb3IXbMfyA==",
      "requires": {
        "moment": ">=2.8.0 <3.0.0"
      }
    },
    "angular-resource": {
      "version": "1.3.15",
      "resolved": "https://registry.npmjs.org/angular-resource/-/angular-resource-1.3.15.tgz",
      "integrity": "sha512-MD2YU7Acs2m3rNO4vGNADbXXzM9HXURS3hzXiUMWRjBeADLBGSoS1GG4OW1mHxKuaZ1IQbeIl30dfKtAbQc+jg=="
    },
    "angular-sanitize": {
      "version": "1.3.15",
      "resolved": "https://registry.npmjs.org/angular-sanitize/-/angular-sanitize-1.3.15.tgz",
      "integrity": "sha512-BVlzORov8bpuVaDYuKX8Kh+dcCbS1IvB3jS3oYRVh4ONb+7sKeI1dUps3oCCjgZMpmH4eKCxkhUKqJp4Rq5G7w=="
    },
    "angular-translate": {
      "version": "2.11.1",
      "resolved": "https://registry.npmjs.org/angular-translate/-/angular-translate-2.11.1.tgz",
      "integrity": "sha512-LWI92vUwkkXpsmsGETA5yll6iNxaC9nDl14QYWi8F4bkrXFuhgC1ARWwQFIw1QMRlh/3bfmsyebhTlfIOYSWSw==",
      "requires": {
        "angular": ">=1.2.26 <=1.6"
      }
    },
    "angular-translate-handler-log": {
      "version": "2.11.1",
      "resolved": "https://registry.npmjs.org/angular-translate-handler-log/-/angular-translate-handler-log-2.11.1.tgz",
      "integrity": "sha512-Ah5GUpipqnYAJ3JfwZl/FIRFCTTPihe0i6s/e5oALroOXufNsP6NR5z7ZpUnqBfTCZ7+FX0m2Qx1pzyMt2gqNQ==",
      "requires": {
        "angular-translate": "~2.11.1"
      }
    },
    "angular-translate-loader-static-files": {
      "version": "2.11.1",
      "resolved": "https://registry.npmjs.org/angular-translate-loader-static-files/-/angular-translate-loader-static-files-2.11.1.tgz",
      "integrity": "sha512-qUUUWJ3OadP0bJtZ8nTKCOrM8uO7lREmiIztmm4RHwD5EYh1ttuVfeUCyf2IFbajARlpRBaic0LRNNs/XaqYMw==",
      "requires": {
        "angular-translate": "~2.11.1"
      }
    },
    "angular-translate-storage-cookie": {
      "version": "2.11.1",
      "resolved": "https://registry.npmjs.org/angular-translate-storage-cookie/-/angular-translate-storage-cookie-2.11.1.tgz",
      "integrity": "sha512-T/Tddy6NS+nHx7IZG/7pc9evowiieVl+1H0Mrd07VJpT6UyW+G6Nb3SLrFq9PGGr+Iux2G1i/6zCf6Ku4LRH5Q==",
      "requires": {
        "angular-cookies": ">=1.2.26 <1.6",
        "angular-translate": "~2.11.1"
      },
      "dependencies": {
        "angular-cookies": {
          "version": "1.5.11",
          "resolved": "https://registry.npmjs.org/angular-cookies/-/angular-cookies-1.5.11.tgz",
          "integrity": "sha512-WyUrigFcnxLZnzaupIAqOLrGXMCOcGz0L5O7OoaWKYGvEx2yNvGSNAGJCmOggGmaPEfIt6YMGTcbc4uwS6Srdw=="
        }
      }
    },
    "angular-translate-storage-local": {
      "version": "2.11.1",
      "resolved": "https://registry.npmjs.org/angular-translate-storage-local/-/angular-translate-storage-local-2.11.1.tgz",
      "integrity": "sha512-y8xGx/huzVqBEMFSUPpYnsejRTLlFVjtLzzoBK38ujY6q4HNSeylLiOQOiG2PJ/gQLfXt++D/iAueHx7pqc64A==",
      "requires": {
        "angular-translate": "~2.11.1",
        "angular-translate-storage-cookie": "~2.11.1"
      }
    },
    "angular-ui-bootstrap": {
      "version": "0.13.0",
      "resolved": "https://registry.npmjs.org/angular-ui-bootstrap/-/angular-ui-bootstrap-0.13.0.tgz",
      "integrity": "sha512-+PuUAoz52caNG3DRcNwq3mnRhOdalQdZ19NdJAZJQKTPaOBptf8B6BBBoScLFO3JXZBMZ2meOAaYOS92AEcfLA=="
    },
    "angular-ui-notification": {
      "version": "0.3.6",
      "resolved": "https://registry.npmjs.org/angular-ui-notification/-/angular-ui-notification-0.3.6.tgz",
      "integrity": "sha512-Ki6MsFyTtA/8YCYnRd7COr55RC0AMoBorOoKHfLeZSOpk9UxrBv9wg077PiJgmGoCEkG7uun0zbp3bxOtKdD+w=="
    },
    "bootstrap": {
      "version": "3.3.4",
      "resolved": "https://registry.npmjs.org/bootstrap/-/bootstrap-3.3.4.tgz",
      "integrity": "sha512-tfnBKZoAnTXbBCvpzfF6gsDDdTdNbSbsEYnZ8mi+MOVg8Cgb1bfM9GRvIJdgN9aMRbTlqNzp0EJNJ5B2X6iwzg=="
    },
    "buffer-from": {
      "version": "1.1.2",
      "resolved": "https://registry.npmjs.org/buffer-from/-/buffer-from-1.1.2.tgz",
      "integrity": "sha512-E+XQCRwSbaaiChtv6k6Dwgc+bx+Bs6vuKJHHl5kox/BaKbhiXzqQOwK4cO22yElGp2OCmjwVhT3HmxgyPGnJfQ=="
    },
    "chart.js": {
      "version": "2.9.4",
      "resolved": "https://registry.npmjs.org/chart.js/-/chart.js-2.9.4.tgz",
      "integrity": "sha512-B07aAzxcrikjAPyV+01j7BmOpxtQETxTSlQ26BEYJ+3iUkbNKaOJ/nDbT6JjyqYxseM0ON12COHYdU2cTIjC7A==",
      "requires": {
        "chartjs-color": "^2.1.0",
        "moment": "^2.10.2"
      }
    },
    "chartjs-color": {
      "version": "2.4.1",
      "resolved": "https://registry.npmjs.org/chartjs-color/-/chartjs-color-2.4.1.tgz",
      "integrity": "sha512-haqOg1+Yebys/Ts/9bLo/BqUcONQOdr/hoEr2LLTRl6C5LXctUdHxsCYfvQVg5JIxITrfCNUDr4ntqmQk9+/0w==",
      "requires": {
        "chartjs-color-string": "^0.6.0",
        "color-convert": "^1.9.3"
      }
    },
    "chartjs-color-string": {
      "version": "0.6.0",
      "resolved": "https://registry.npmjs.org/chartjs-color-string/-/chartjs-color-string-0.6.0.tgz",
      "integrity": "sha512-TIB5OKn1hPJvO7JcteW4WY/63v6KwEdt6udfnDE9iCAZgy+V4SrbSxoIbTw/xkUIapjEI4ExGtD0+6D3KyFd7A==",
      "requires": {
        "color-name": "^1.0.0"
      }
    },
    "color-convert": {
      "version": "1.9.3",
      "resolved": "https://registry.npmjs.org/color-convert/-/color-convert-1.9.3.tgz",
      "integrity": "sha512-QfAUtd+vFdAtFQcC8CCyYt1fYWxSqAiK2cSD6zDB8N3cpsEBAvRxp9zOGg6G/SHHJYAT88/az/IuDGALsNVbGg==",
      "requires": {
        "color-name": "1.1.3"
      },
      "dependencies": {
        "color-name": {
          "version": "1.1.3",
          "resolved": "https://registry.npmjs.org/color-name/-/color-name-1.1.3.tgz",
          "integrity": "sha512-72fSenhMw2HZMTVHeCA9KCmpEIbzWiQsjN+BHcBbS9vr1mtt+vJjPdksIBNUmKAW8TFUDPJK5SUU3QhE9NEXDw=="
        }
      }
    },
    "color-name": {
      "version": "1.1.4",
      "resolved": "https://registry.npmjs.org/color-name/-/color-name-1.1.4.tgz",
      "integrity": "sha512-dOy+3AuW3a2wNbZHIuMZpTcgjGuLU/uBL/ubcZF9OXbDo8ff4O8yVp5Bf0efS8uEoYo5q4Fx7dY9OgQGXgAsQA=="
    },
    "commander": {
      "version": "2.20.3",
      "resolved": "https://registry.npmjs.org/commander/-/commander-2.20.3.tgz",
      "integrity": "sha512-GpVkmM8vF2vQUkj2LvZmD35JxeJOLCwJ9cUkugyk2nuhbv3+mJvpLYYt+0+USMxE+oj+ey/lJEnhZw75x/OMcQ=="
    },
    "cronapi-js": {
      "version": "3.0.0-SP.47",
      "resolved": "https://registry.npmjs.org/cronapi-js/-/cronapi-js-3.0.0-SP.47.tgz",
      "integrity": "sha512-Cf7It97rXlXDI2e2Hyarx/bfDpaqlkyW4LQRaVaBtCYHgAgZPrAdOdZh69IXrq+l12JzuTyvObS5tlXi6X887w==",
      "requires": {
        "@zxing/library": "0.18.5",
        "natives": "1.1.6"
      }
    },
    "cronapp-common-js": {
      "version": "3.0.0-SP.47",
      "resolved": "https://registry.npmjs.org/cronapp-common-js/-/cronapp-common-js-3.0.0-SP.47.tgz",
      "integrity": "sha512-2b1QfeDY3wVIz7akRhlQeIjP2YNx3ioTwO0RilyLyELLfNT0lsZd4cMgE07zTI781CLN0A1xQ2JUyUSkYBM21Q=="
    },
    "cronapp-framework-mobile-js": {
      "version": "3.0.0-SP.47",
      "resolved": "https://registry.npmjs.org/cronapp-framework-mobile-js/-/cronapp-framework-mobile-js-3.0.0-SP.47.tgz",
      "integrity": "sha512-ed6Rvf72euXS7XiZ8DTP+bX5IUO10qcS68L96mRTxQp9+NzyGfm7BIPrC4jvCevixElKhKTv5k+VTMP1cr35fQ==",
      "requires": {
        "angular": "1.6.0",
        "angular-aria": "1.6.0",
        "angular-cookies": "1.6.0",
        "angular-dynamic-locale": "0.1.32",
        "angular-i18n": "1.4.5",
        "angular-messages": "1.6.0",
        "angular-moment": "1.2.0",
        "angular-resource": "1.3.15",
        "angular-sanitize": "1.3.15",
        "angular-translate": "2.11.1",
        "angular-translate-handler-log": "2.11.1",
        "angular-translate-loader-static-files": "2.11.1",
        "angular-translate-storage-local": "2.11.1",
        "angular-ui-bootstrap": "0.13.0",
        "angular-ui-notification": "0.3.6",
        "bootstrap": "3.3.4",
        "chart.js": "2.9.4",
        "cronapp-ion-tab-badge": "1.0.0",
        "cronapp-ui-router": "0.2.15",
        "font-awesome": "4.4.0",
        "jquery": "3.5.0",
        "moment": "2.29.4",
        "ng-file-upload": "12.2.13",
        "pace-js": "1.0.2",
        "signature_pad": "^3.0.0-beta.4"
      }
    },
    "cronapp-ion-tab-badge": {
      "version": "1.0.0",
      "resolved": "https://registry.npmjs.org/cronapp-ion-tab-badge/-/cronapp-ion-tab-badge-1.0.0.tgz",
      "integrity": "sha512-zQCokfADXmNO2WPzmAfzVp6dqsvxp8RKKlL23Fg8UMxyOFEgq+NVz9TZbcMVuw1fwg3yPs3UuCFeRQpvYvMTlQ==",
      "requires": {
        "lodash": "4.17.15"
      }
    },
    "cronapp-lib-js": {
      "version": "3.0.0-SP.47",
      "resolved": "https://registry.npmjs.org/cronapp-lib-js/-/cronapp-lib-js-3.0.0-SP.47.tgz",
      "integrity": "sha512-QWw6enIgwti1x6KRYmfDdRd3mJFz5nNWdHuD2npkCW29kaHEJAKPdNafeQjAuFDywymOQM5bX1gimsK5G56vyQ==",
      "requires": {
        "terser": "^4.8.0"
      }
    },
    "cronapp-ui-router": {
      "version": "0.2.15",
      "resolved": "https://registry.npmjs.org/cronapp-ui-router/-/cronapp-ui-router-0.2.15.tgz",
      "integrity": "sha512-7DHM0iWXVa06logWRywr+rQKg1+1qU397uDaAIqeJPuZrub6Efsi7dbS98gVm9Tzq/vQsTskZorSWcawfLHqtg=="
    },
    "flat": {
      "version": "5.0.2",
      "resolved": "https://registry.npmjs.org/flat/-/flat-5.0.2.tgz",
      "integrity": "sha512-b6suED+5/3rTpUBdG1gupIl8MPFCAMA0QXwmljLhvCUKcUvdE4gWky9zpuGCcXHOsz4J9wPGNWq6OKpmIzz3hQ=="
    },
    "font-awesome": {
      "version": "4.4.0",
      "resolved": "https://registry.npmjs.org/font-awesome/-/font-awesome-4.4.0.tgz",
      "integrity": "sha512-h45v/TF2b9d6JiBnyluFrjZRyJXXkRjWbTKxb0ygTScxdP8gWdgMBaghbDuSLQFHNkj3M0eNrLxfTEiQo93ARQ=="
    },
    "jquery": {
      "version": "3.5.0",
      "resolved": "https://registry.npmjs.org/jquery/-/jquery-3.5.0.tgz",
      "integrity": "sha512-Xb7SVYMvygPxbFMpTFQiHh1J7HClEaThguL15N/Gg37Lri/qKyhRGZYzHRyLH8Stq3Aow0LsHO2O2ci86fCrNQ=="
    },
    "lodash": {
      "version": "4.17.15",
      "resolved": "https://registry.npmjs.org/lodash/-/lodash-4.17.15.tgz",
      "integrity": "sha512-8xOcRHvCjnocdS5cpwXQXVzmmh5e5+saE2QGoeQmbKmRS6J3VQppPOIt0MnmE+4xlZoumy0GPG0D0MVIQbNA1A=="
    },
    "moment": {
      "version": "2.29.4",
      "resolved": "https://registry.npmjs.org/moment/-/moment-2.29.4.tgz",
      "integrity": "sha512-5LC9SOxjSc2HF6vO2CyuTDNivEdoz2IvyJJGj6X8DJ0eFyfszE0QiEd+iXmBvUP3WHxSjFH/vIsA0EN00cgr8w=="
    },
    "natives": {
      "version": "1.1.6",
      "resolved": "https://registry.npmjs.org/natives/-/natives-1.1.6.tgz",
      "integrity": "sha512-6+TDFewD4yxY14ptjKaS63GVdtKiES1pTPyxn9Jb0rBqPMZ7VcCiooEhPNsr+mqHtMGxa/5c/HhcC4uPEUw/nA=="
    },
    "ng-file-upload": {
      "version": "12.2.13",
      "resolved": "https://registry.npmjs.org/ng-file-upload/-/ng-file-upload-12.2.13.tgz",
      "integrity": "sha512-YFjxwmVcNssYc8hq8eCbtYSliPnrObozSZRC9yg4GoDtI0xGKUeHgEcOh+nsMF/9cTzMB/lQZAYdf29oyQgF0g=="
    },
    "pace-js": {
      "version": "1.0.2",
      "resolved": "https://registry.npmjs.org/pace-js/-/pace-js-1.0.2.tgz",
      "integrity": "sha512-5rIBZm4u7xQz2eYWwatBfUnurKxXRyO6meLvlxhQYyhJZoZDjvLt249nUikj9VMpmtMR0owHqade9RSSNRT/GQ=="
    },
    "reflect-metadata": {
      "version": "0.1.13",
      "resolved": "https://registry.npmjs.org/reflect-metadata/-/reflect-metadata-0.1.13.tgz",
      "integrity": "sha512-Ts1Y/anZELhSsjMcU605fU9RE4Oi3p5ORujwbIKXfWa+0Zxs510Qrmrce5/Jowq3cHSZSJqBjypxmHarc+vEWg=="
    },
    "signature_pad": {
      "version": "3.0.0-beta.4",
      "resolved": "https://registry.npmjs.org/signature_pad/-/signature_pad-3.0.0-beta.4.tgz",
      "integrity": "sha512-cOf2NhVuTiuNqe2X/ycEmizvCDXk0DoemhsEpnkcGnA4kS5iJYTCqZ9As7tFBbsch45Q1EdX61833+6sjJ8rrw=="
    },
    "source-map": {
      "version": "0.6.1",
      "resolved": "https://registry.npmjs.org/source-map/-/source-map-0.6.1.tgz",
      "integrity": "sha512-UjgapumWlbMhkBgzT7Ykc5YXUT46F0iKu8SGXq0bcwP5dz/h0Plj6enJqjz1Zbq2l5WaqYnrVbwWOWMyF3F47g=="
    },
    "source-map-support": {
      "version": "0.5.21",
      "resolved": "https://registry.npmjs.org/source-map-support/-/source-map-support-0.5.21.tgz",
      "integrity": "sha512-uBHU3L3czsIyYXKX88fdrGovxdSCoTGDRZ6SYXtSRxLZUzHg5P/66Ht6uoUlHu9EZod+inXhKo3qQgwXUT/y1w==",
      "requires": {
        "buffer-from": "^1.0.0",
        "source-map": "^0.6.0"
      }
    },
    "terser": {
      "version": "4.8.1",
      "resolved": "https://registry.npmjs.org/terser/-/terser-4.8.1.tgz",
      "integrity": "sha512-4GnLC0x667eJG0ewJTa6z/yXrbLGv80D9Ru6HIpCQmO+Q4PfEtBFi0ObSckqwL6VyQv/7ENJieXHo2ANmdQwgw==",
      "requires": {
        "commander": "^2.20.0",
        "source-map": "~0.6.1",
        "source-map-support": "~0.5.12"
      }
    },
    "ts-custom-error": {
      "version": "3.3.1",
      "resolved": "https://registry.npmjs.org/ts-custom-error/-/ts-custom-error-3.3.1.tgz",
      "integrity": "sha512-5OX1tzOjxWEgsr/YEUWSuPrQ00deKLh6D7OTWcvNHm12/7QPyRh8SYpyWvA4IZv8H/+GQWQEh/kwo95Q9OVW1A=="
    },
    "tslib": {
      "version": "1.14.1",
      "resolved": "https://registry.npmjs.org/tslib/-/tslib-1.14.1.tgz",
      "integrity": "sha512-Xni35NKzjgMrwevysHTCArtLDpPvye8zV/0E4EyYn43P7/7qvQwPh9BGkHewbMulVntbigmcT7rdX3BNo9wRJg=="
    },
    "tsyringe": {
      "version": "4.5.0",
      "resolved": "https://registry.npmjs.org/tsyringe/-/tsyringe-4.5.0.tgz",
      "integrity": "sha512-XvYgdUxkmGQfpCkKyr/ybJx71OLSnNec1SO0xdohMjaS2UOEyKi76YfKx92XUXgc1TocypHENg6y4wCyYyMKag==",
      "requires": {
        "tslib": "^1.9.3"
      }
    }
  }
}
