{
  "name": "webapp",
  "version": "1.0.0",
  "lockfileVersion": 1,
  "requires": true,
  "dependencies": {
    "@cronapp/framework-core": {
      "version": "3.0.0-SP.47",
      "resolved": "https://registry.npmjs.org/@cronapp/framework-core/-/framework-core-3.0.0-SP.47.tgz",
      "integrity": "sha512-sji07hM78hwHDWodlYRy7TRsuNFpFHwr9+9QC3HhoriNVRF0vj9W3JiNDbm4YvZWzz8b0cLhQ01FEJNTMbx4Iw==",
      "requires": {
        "flat": "5.0.2",
        "reflect-metadata": "0.1.13",
        "tsyringe": "4.5.0"
      }
    },
    "@uirouter/core": {
      "version": "6.0.7",
      "resolved": "https://registry.npmjs.org/@uirouter/core/-/core-6.0.7.tgz",
      "integrity": "sha512-KUTJxL+6q0PiBnFx4/Z+Hsyg0pSGiaW5yZQeJmUxknecjpTbnXkLU8H2EqRn9N2B+qDRa7Jg8RcgeNDPY72O1w=="
    },
    "@zxing/library": {
      "version": "0.18.5",
      "resolved": "https://registry.npmjs.org/@zxing/library/-/library-0.18.5.tgz",
      "integrity": "sha512-ipJeSBUQXgrJbgRotmDiSr+1/EeEJFPHbODrewGdz1sDbhWS+iWuHMrboqy/J+zbzYj3h5W7RGUsbkGY+34DKw==",
      "requires": {
        "@zxing/text-encoding": "~0.9.0",
        "ts-custom-error": "^3.0.0"
      }
    },
    "@zxing/text-encoding": {
      "version": "0.9.0",
      "resolved": "https://registry.npmjs.org/@zxing/text-encoding/-/text-encoding-0.9.0.tgz",
      "integrity": "sha512-U/4aVJ2mxI0aDNI8Uq0wEhMgY+u4CNtEb0om3+y3+niDAsoTCOB33UF0sxpzqzdqXLqmvc+vZyAt4O8pPdfkwA==",
      "optional": true
    },
    "angular": {
      "version": "1.8.2",
      "resolved": "https://registry.npmjs.org/angular/-/angular-1.8.2.tgz",
      "integrity": "sha512-IauMOej2xEe7/7Ennahkbb5qd/HFADiNuLSESz9Q27inmi32zB0lnAsFeLEWcox3Gd1F6YhNd1CP7/9IukJ0Gw=="
    },
    "angular-chart.js": {
      "version": "1.1.1",
      "resolved": "https://registry.npmjs.org/angular-chart.js/-/angular-chart.js-1.1.1.tgz",
      "integrity": "sha512-6lqkeQvoEOMqtIzHLeOC68fdeqjdgeQ4b3bUG3Lm6X1Y6IBM0m91G6VuVA3EV0puwPuIWz4VYkzjd0DPHhIcpA==",
      "requires": {
        "angular": "1.x",
        "chart.js": "2.3.x"
      },
      "dependencies": {
        "chart.js": {
          "version": "2.3.0",
          "resolved": "https://registry.npmjs.org/chart.js/-/chart.js-2.3.0.tgz",
          "integrity": "sha512-LwJ6j1FNneojxFYewnz9QDQyjV++KN2s/Lgm0eipDUaKV3Fj5jOA3xtJg7AUGFcbhsYB4+Kn16c1bXwRxbOXow==",
          "requires": {
            "chartjs-color": "^2.0.0",
            "moment": "^2.10.6"
          }
        }
      }
    },
    "angular-cookies": {
      "version": "1.5.8",
      "resolved": "https://registry.npmjs.org/angular-cookies/-/angular-cookies-1.5.8.tgz",
      "integrity": "sha512-yT7xzQ7qD2VDF8pukyQ/ly3/pPtdtiUesl0Bg6CNNINttS7GujriU8gnQIEGeZfetmrft80aTYcD3J9nyi3/pA=="
    },
    "angular-dynamic-locale": {
      "version": "0.1.32",
      "resolved": "https://registry.npmjs.org/angular-dynamic-locale/-/angular-dynamic-locale-0.1.32.tgz",
      "integrity": "sha512-Q+8Vbb9hlM+mXD09JO/BJanmk9wvcDbovTOIDYc6efFWgS6QqBXpiAD86YZaHbyJ45hM6MEWqbkJv+pnJKQgpQ=="
    },
    "angular-i18n": {
      "version": "1.4.5",
      "resolved": "https://registry.npmjs.org/angular-i18n/-/angular-i18n-1.4.5.tgz",
      "integrity": "sha512-wPyfIrgaIayIHBOFix6vSgoyrfMdwXYIIV/pJFfupt366Xx79W3o9pLFH9zbL7Y1Zhhy5S7wbXSY3j89r9TnhQ=="
    },
    "angular-resource": {
      "version": "1.3.15",
      "resolved": "https://registry.npmjs.org/angular-resource/-/angular-resource-1.3.15.tgz",
      "integrity": "sha512-MD2YU7Acs2m3rNO4vGNADbXXzM9HXURS3hzXiUMWRjBeADLBGSoS1GG4OW1mHxKuaZ1IQbeIl30dfKtAbQc+jg=="
    },
    "angular-sanitize": {
      "version": "1.3.15",
      "resolved": "https://registry.npmjs.org/angular-sanitize/-/angular-sanitize-1.3.15.tgz",
      "integrity": "sha512-BVlzORov8bpuVaDYuKX8Kh+dcCbS1IvB3jS3oYRVh4ONb+7sKeI1dUps3oCCjgZMpmH4eKCxkhUKqJp4Rq5G7w=="
    },
    "angular-timeline": {
      "version": "1.7.0",
      "resolved": "https://registry.npmjs.org/angular-timeline/-/angular-timeline-1.7.0.tgz",
      "integrity": "sha512-7pDqIQ+hwcIiwLPis748TUlYJAGVS9Yndaz0X6VCDQgO5XAsQ0ZW1dc5I7mY9MTfxMmicLeaq9M9sp90zzCrJg==",
      "requires": {
        "angular": "^1.3.15"
      }
    },
    "angular-translate": {
      "version": "2.19.0",
      "resolved": "https://registry.npmjs.org/angular-translate/-/angular-translate-2.19.0.tgz",
      "integrity": "sha512-Z/Fip5uUT2N85dPQ0sMEe1JdF5AehcDe4tg/9mWXNDVU531emHCg53ZND9Oe0dyNiGX5rWcJKmsL1Fujus1vGQ==",
      "requires": {
        "angular": "^1.8.0"
      }
    },
    "angular-translate-handler-log": {
      "version": "2.19.0",
      "resolved": "https://registry.npmjs.org/angular-translate-handler-log/-/angular-translate-handler-log-2.19.0.tgz",
      "integrity": "sha512-kS4Xdmht+hBKm84/yiiPgbTp1FD8WzH/wi5c5jt4w2WLaW3KjJ/+FpFvzsmc8rff587oRkBDa2dq9iK3d+/MMw==",
      "requires": {
        "angular-translate": "~2.19.0"
      }
    },
    "angular-translate-loader-static-files": {
      "version": "2.19.0",
      "resolved": "https://registry.npmjs.org/angular-translate-loader-static-files/-/angular-translate-loader-static-files-2.19.0.tgz",
      "integrity": "sha512-B0LiFzn+rHGgL0okl+uAcQKtmySskTlhw6vsnQODUqARV0IcgMUi2tl9RhybgGy3MbGmdF1JjJFjITCbXzWZQA==",
      "requires": {
        "angular-translate": "~2.19.0"
      }
    },
    "angular-translate-storage-cookie": {
      "version": "2.19.0",
      "resolved": "https://registry.npmjs.org/angular-translate-storage-cookie/-/angular-translate-storage-cookie-2.19.0.tgz",
      "integrity": "sha512-U3LxHvXVzFOqp7IcYcqMUWhMiTGjHtCDXDKB1MKhTjJSKz+9pLeRseLQBMAGjvXCmMeDteURQR4HEEfzL3vFQw==",
      "requires": {
        "angular-cookies": ">=1.2.26 <1.9",
        "angular-translate": "~2.19.0"
      }
    },
    "angular-translate-storage-local": {
      "version": "2.19.0",
      "resolved": "https://registry.npmjs.org/angular-translate-storage-local/-/angular-translate-storage-local-2.19.0.tgz",
      "integrity": "sha512-YrM3Y1PLi7OBd053vIhGKQ/DN3nWtQEJlj3++EcRLaGtmDu+4Fp/drzO4gKJtMQRRmJCIM3BqFSqalqijJD56Q==",
      "requires": {
        "angular-translate": "~2.19.0",
        "angular-translate-storage-cookie": "~2.19.0"
      }
    },
    "angular-ui-bootstrap": {
      "version": "0.14.0",
      "resolved": "https://registry.npmjs.org/angular-ui-bootstrap/-/angular-ui-bootstrap-0.14.0.tgz",
      "integrity": "sha512-feYbYUu8Q9zRqyZIqKB168FsHy40fQ08EF9soL7obGVzA850kXK5xqaYx+se1rpjHx9pbObGWoPkLy3EJmmfdA=="
    },
    "angular-ui-notification": {
      "version": "0.3.6",
      "resolved": "https://registry.npmjs.org/angular-ui-notification/-/angular-ui-notification-0.3.6.tgz",
      "integrity": "sha512-Ki6MsFyTtA/8YCYnRd7COr55RC0AMoBorOoKHfLeZSOpk9UxrBv9wg077PiJgmGoCEkG7uun0zbp3bxOtKdD+w=="
    },
    "angular-ui-router": {
      "version": "1.0.29",
      "resolved": "https://registry.npmjs.org/angular-ui-router/-/angular-ui-router-1.0.29.tgz",
      "integrity": "sha512-VurVxwueqEFD0JJBHkATOvLinhebc8/052jyhYrFVbHtWEc//IX4Wr55WvmJoTZJ6lnQ3nBlpX9VBKS5wiRsOg==",
      "requires": {
        "@uirouter/core": "6.0.7"
      }
    },
    "bootstrap": {
      "version": "3.4.1",
      "resolved": "https://registry.npmjs.org/bootstrap/-/bootstrap-3.4.1.tgz",
      "integrity": "sha512-yN5oZVmRCwe5aKwzRj6736nSmKDX7pLYwsXiCj/EYmo16hODaBiT4En5btW/jhBF/seV+XMx3aYwukYC3A49DA=="
    },
    "buffer-from": {
      "version": "1.1.2",
      "resolved": "https://registry.npmjs.org/buffer-from/-/buffer-from-1.1.2.tgz",
      "integrity": "sha512-E+XQCRwSbaaiChtv6k6Dwgc+bx+Bs6vuKJHHl5kox/BaKbhiXzqQOwK4cO22yElGp2OCmjwVhT3HmxgyPGnJfQ=="
    },
    "chart.js": {
      "version": "2.9.4",
      "resolved": "https://registry.npmjs.org/chart.js/-/chart.js-2.9.4.tgz",
      "integrity": "sha512-B07aAzxcrikjAPyV+01j7BmOpxtQETxTSlQ26BEYJ+3iUkbNKaOJ/nDbT6JjyqYxseM0ON12COHYdU2cTIjC7A==",
      "requires": {
        "chartjs-color": "^2.1.0",
        "moment": "^2.10.2"
      }
    },
    "chartjs-color": {
      "version": "2.4.1",
      "resolved": "https://registry.npmjs.org/chartjs-color/-/chartjs-color-2.4.1.tgz",
      "integrity": "sha512-haqOg1+Yebys/Ts/9bLo/BqUcONQOdr/hoEr2LLTRl6C5LXctUdHxsCYfvQVg5JIxITrfCNUDr4ntqmQk9+/0w==",
      "requires": {
        "chartjs-color-string": "^0.6.0",
        "color-convert": "^1.9.3"
      }
    },
    "chartjs-color-string": {
      "version": "0.6.0",
      "resolved": "https://registry.npmjs.org/chartjs-color-string/-/chartjs-color-string-0.6.0.tgz",
      "integrity": "sha512-TIB5OKn1hPJvO7JcteW4WY/63v6KwEdt6udfnDE9iCAZgy+V4SrbSxoIbTw/xkUIapjEI4ExGtD0+6D3KyFd7A==",
      "requires": {
        "color-name": "^1.0.0"
      }
    },
    "color-convert": {
      "version": "1.9.3",
      "resolved": "https://registry.npmjs.org/color-convert/-/color-convert-1.9.3.tgz",
      "integrity": "sha512-QfAUtd+vFdAtFQcC8CCyYt1fYWxSqAiK2cSD6zDB8N3cpsEBAvRxp9zOGg6G/SHHJYAT88/az/IuDGALsNVbGg==",
      "requires": {
        "color-name": "1.1.3"
      },
      "dependencies": {
        "color-name": {
          "version": "1.1.3",
          "resolved": "https://registry.npmjs.org/color-name/-/color-name-1.1.3.tgz",
          "integrity": "sha512-72fSenhMw2HZMTVHeCA9KCmpEIbzWiQsjN+BHcBbS9vr1mtt+vJjPdksIBNUmKAW8TFUDPJK5SUU3QhE9NEXDw=="
        }
      }
    },
    "color-name": {
      "version": "1.1.4",
      "resolved": "https://registry.npmjs.org/color-name/-/color-name-1.1.4.tgz",
      "integrity": "sha512-dOy+3AuW3a2wNbZHIuMZpTcgjGuLU/uBL/ubcZF9OXbDo8ff4O8yVp5Bf0efS8uEoYo5q4Fx7dY9OgQGXgAsQA=="
    },
    "commander": {
      "version": "2.20.3",
      "resolved": "https://registry.npmjs.org/commander/-/commander-2.20.3.tgz",
      "integrity": "sha512-GpVkmM8vF2vQUkj2LvZmD35JxeJOLCwJ9cUkugyk2nuhbv3+mJvpLYYt+0+USMxE+oj+ey/lJEnhZw75x/OMcQ=="
    },
    "cpf_cnpj": {
      "version": "0.2.0",
      "resolved": "https://registry.npmjs.org/cpf_cnpj/-/cpf_cnpj-0.2.0.tgz",
      "integrity": "sha512-vwUmjbXDxW4iBDPVDB/4yJUMsJ6HfQDzveLjnpxrT82N/HXFbM0/tRHCVEsMB2+PwT61KIynDdPt+KS/v0H9Lg=="
    },
    "cronapi-js": {
      "version": "3.0.0-SP.47",
      "resolved": "https://registry.npmjs.org/cronapi-js/-/cronapi-js-3.0.0-SP.47.tgz",
      "integrity": "sha512-Cf7It97rXlXDI2e2Hyarx/bfDpaqlkyW4LQRaVaBtCYHgAgZPrAdOdZh69IXrq+l12JzuTyvObS5tlXi6X887w==",
      "requires": {
        "@zxing/library": "0.18.5",
        "natives": "1.1.6"
      }
    },
    "cronapp-common-js": {
      "version": "3.0.0-SP.47",
      "resolved": "https://registry.npmjs.org/cronapp-common-js/-/cronapp-common-js-3.0.0-SP.47.tgz",
      "integrity": "sha512-2b1QfeDY3wVIz7akRhlQeIjP2YNx3ioTwO0RilyLyELLfNT0lsZd4cMgE07zTI781CLN0A1xQ2JUyUSkYBM21Q=="
    },
    "cronapp-framework-js": {
      "version": "3.0.0-SP.47",
      "resolved": "https://registry.npmjs.org/cronapp-framework-js/-/cronapp-framework-js-3.0.0-SP.47.tgz",
      "integrity": "sha512-EfCYIUHEhjBUjEZAgepE8IGDMM65oGDBrkp4HQdWfj2J088usqGWIiWTO0Rnc/okSY+oUDMkojcbIQ7GVNuUGg==",
      "requires": {
        "angular": "1.8.2",
        "angular-chart.js": "1.1.1",
        "angular-cookies": "1.5.8",
        "angular-dynamic-locale": "0.1.32",
        "angular-i18n": "1.4.5",
        "angular-resource": "1.3.15",
        "angular-sanitize": "1.3.15",
        "angular-timeline": "^1.7.0",
        "angular-translate": "2.19.0",
        "angular-translate-handler-log": "2.19.0",
        "angular-translate-loader-static-files": "2.19.0",
        "angular-translate-storage-cookie": "2.19.0",
        "angular-translate-storage-local": "2.19.0",
        "angular-ui-bootstrap": "0.14.0",
        "angular-ui-notification": "0.3.6",
        "angular-ui-router": "1.0.29",
        "bootstrap": "3.4.1",
        "chart.js": "2.9.4",
        "cpf_cnpj": "0.2.0",
        "eonasdan-bootstrap-datetimepicker": "^4.17.49",
        "font-awesome": "4.4.0",
        "jquery": "3.5.1",
        "justgage": "1.3.5",
        "moment": "2.29.4",
        "moment-timezone": "0.5.33",
        "natives": "1.1.6",
        "ng-file-upload": "12.2.13",
        "ng-mask": "3.0.12",
        "pace-js": "1.0.2",
        "raphael": "2.3.0",
        "signature_pad": "^3.0.0-beta.4",
        "ui-select": "0.18.1",
        "ui-select-infinity": "0.1.5"
      }
    },
    "cronapp-lib-js": {
      "version": "3.0.0-SP.47",
      "resolved": "https://registry.npmjs.org/cronapp-lib-js/-/cronapp-lib-js-3.0.0-SP.47.tgz",
      "integrity": "sha512-QWw6enIgwti1x6KRYmfDdRd3mJFz5nNWdHuD2npkCW29kaHEJAKPdNafeQjAuFDywymOQM5bX1gimsK5G56vyQ==",
      "requires": {
        "terser": "^4.8.0"
      }
    },
    "eonasdan-bootstrap-datetimepicker": {
      "version": "4.17.49",
      "resolved": "https://registry.npmjs.org/eonasdan-bootstrap-datetimepicker/-/eonasdan-bootstrap-datetimepicker-4.17.49.tgz",
      "integrity": "sha512-7KZeDpkj+A6AtPR3XjX8gAnRPUkPSfW0OmMANG1dkUOPMtLSzbyoCjDIdEcfRtQPU5X0D9Gob7wWKn0h4QWy7A==",
      "requires": {
        "bootstrap": "^3.3",
        "jquery": "^3.5.1",
        "moment": "^2.10",
        "moment-timezone": "^0.4.0"
      },
      "dependencies": {
        "moment-timezone": {
          "version": "0.4.1",
          "resolved": "https://registry.npmjs.org/moment-timezone/-/moment-timezone-0.4.1.tgz",
          "integrity": "sha512-5cNPVUwaVJDCe9JM8m/qz17f9SkaI8rpnRUyDJi2K5HAd6EwhuQ3n5nLclZkNC/qJnomKgQH2TIu70Gy2dxFKA==",
          "requires": {
            "moment": ">= 2.6.0"
          }
        }
      }
    },
    "eve-raphael": {
      "version": "0.5.0",
      "resolved": "https://registry.npmjs.org/eve-raphael/-/eve-raphael-0.5.0.tgz",
      "integrity": "sha512-jrxnPsCGqng1UZuEp9DecX/AuSyAszATSjf4oEcRxvfxa1Oux4KkIPKBAAWWnpdwfARtr+Q0o9aPYWjsROD7ug=="
    },
    "flat": {
      "version": "5.0.2",
      "resolved": "https://registry.npmjs.org/flat/-/flat-5.0.2.tgz",
      "integrity": "sha512-b6suED+5/3rTpUBdG1gupIl8MPFCAMA0QXwmljLhvCUKcUvdE4gWky9zpuGCcXHOsz4J9wPGNWq6OKpmIzz3hQ=="
    },
    "font-awesome": {
      "version": "4.4.0",
      "resolved": "https://registry.npmjs.org/font-awesome/-/font-awesome-4.4.0.tgz",
      "integrity": "sha512-h45v/TF2b9d6JiBnyluFrjZRyJXXkRjWbTKxb0ygTScxdP8gWdgMBaghbDuSLQFHNkj3M0eNrLxfTEiQo93ARQ=="
    },
    "jquery": {
      "version": "3.5.1",
      "resolved": "https://registry.npmjs.org/jquery/-/jquery-3.5.1.tgz",
      "integrity": "sha512-XwIBPqcMn57FxfT+Go5pzySnm4KWkT1Tv7gjrpT1srtf8Weynl6R273VJ5GjkRb51IzMp5nbaPjJXMWeju2MKg=="
    },
    "justgage": {
      "version": "1.3.5",
      "resolved": "https://registry.npmjs.org/justgage/-/justgage-1.3.5.tgz",
      "integrity": "sha512-5P71LcTEqhg4Rh1rDKo9JgkE2cCZvHnKuagD80MXtEGvidLmRPm309YEwM2BHdEP4Q5DPwGUYjWQm4QY1QR4Yg==",
      "requires": {
        "raphael": "^2.2.8"
      }
    },
    "moment": {
      "version": "2.29.4",
      "resolved": "https://registry.npmjs.org/moment/-/moment-2.29.4.tgz",
      "integrity": "sha512-5LC9SOxjSc2HF6vO2CyuTDNivEdoz2IvyJJGj6X8DJ0eFyfszE0QiEd+iXmBvUP3WHxSjFH/vIsA0EN00cgr8w=="
    },
    "moment-timezone": {
      "version": "0.5.33",
      "resolved": "https://registry.npmjs.org/moment-timezone/-/moment-timezone-0.5.33.tgz",
      "integrity": "sha512-PTc2vcT8K9J5/9rDEPe5czSIKgLoGsH8UNpA4qZTVw0Vd/Uz19geE9abbIOQKaAQFcnQ3v5YEXrbSc5BpshH+w==",
      "requires": {
        "moment": ">= 2.9.0"
      }
    },
    "natives": {
      "version": "1.1.6",
      "resolved": "https://registry.npmjs.org/natives/-/natives-1.1.6.tgz",
      "integrity": "sha512-6+TDFewD4yxY14ptjKaS63GVdtKiES1pTPyxn9Jb0rBqPMZ7VcCiooEhPNsr+mqHtMGxa/5c/HhcC4uPEUw/nA=="
    },
    "ng-file-upload": {
      "version": "12.2.13",
      "resolved": "https://registry.npmjs.org/ng-file-upload/-/ng-file-upload-12.2.13.tgz",
      "integrity": "sha512-YFjxwmVcNssYc8hq8eCbtYSliPnrObozSZRC9yg4GoDtI0xGKUeHgEcOh+nsMF/9cTzMB/lQZAYdf29oyQgF0g=="
    },
    "ng-mask": {
      "version": "3.0.12",
      "resolved": "https://registry.npmjs.org/ng-mask/-/ng-mask-3.0.12.tgz",
      "integrity": "sha512-7igrHYzriKRvWMBqLwqeJlq4aCRACEJgFj2GGQO5gsQtFny96/bnSPs4GIdRisgrC47XfasBON0w07iwEaXjGQ=="
    },
    "pace-js": {
      "version": "1.0.2",
      "resolved": "https://registry.npmjs.org/pace-js/-/pace-js-1.0.2.tgz",
      "integrity": "sha512-5rIBZm4u7xQz2eYWwatBfUnurKxXRyO6meLvlxhQYyhJZoZDjvLt249nUikj9VMpmtMR0owHqade9RSSNRT/GQ=="
    },
    "raphael": {
      "version": "2.3.0",
      "resolved": "https://registry.npmjs.org/raphael/-/raphael-2.3.0.tgz",
      "integrity": "sha512-w2yIenZAQnp257XUWGni4bLMVxpUpcIl7qgxEgDIXtmSypYtlNxfXWpOBxs7LBTps5sDwhRnrToJrMUrivqNTQ==",
      "requires": {
        "eve-raphael": "0.5.0"
      }
    },
    "reflect-metadata": {
      "version": "0.1.13",
      "resolved": "https://registry.npmjs.org/reflect-metadata/-/reflect-metadata-0.1.13.tgz",
      "integrity": "sha512-Ts1Y/anZELhSsjMcU605fU9RE4Oi3p5ORujwbIKXfWa+0Zxs510Qrmrce5/Jowq3cHSZSJqBjypxmHarc+vEWg=="
    },
    "signature_pad": {
      "version": "3.0.0-beta.4",
      "resolved": "https://registry.npmjs.org/signature_pad/-/signature_pad-3.0.0-beta.4.tgz",
      "integrity": "sha512-cOf2NhVuTiuNqe2X/ycEmizvCDXk0DoemhsEpnkcGnA4kS5iJYTCqZ9As7tFBbsch45Q1EdX61833+6sjJ8rrw=="
    },
    "source-map": {
      "version": "0.6.1",
      "resolved": "https://registry.npmjs.org/source-map/-/source-map-0.6.1.tgz",
      "integrity": "sha512-UjgapumWlbMhkBgzT7Ykc5YXUT46F0iKu8SGXq0bcwP5dz/h0Plj6enJqjz1Zbq2l5WaqYnrVbwWOWMyF3F47g=="
    },
    "source-map-support": {
      "version": "0.5.21",
      "resolved": "https://registry.npmjs.org/source-map-support/-/source-map-support-0.5.21.tgz",
      "integrity": "sha512-uBHU3L3czsIyYXKX88fdrGovxdSCoTGDRZ6SYXtSRxLZUzHg5P/66Ht6uoUlHu9EZod+inXhKo3qQgwXUT/y1w==",
      "requires": {
        "buffer-from": "^1.0.0",
        "source-map": "^0.6.0"
      }
    },
    "terser": {
      "version": "4.8.1",
      "resolved": "https://registry.npmjs.org/terser/-/terser-4.8.1.tgz",
      "integrity": "sha512-4GnLC0x667eJG0ewJTa6z/yXrbLGv80D9Ru6HIpCQmO+Q4PfEtBFi0ObSckqwL6VyQv/7ENJieXHo2ANmdQwgw==",
      "requires": {
        "commander": "^2.20.0",
        "source-map": "~0.6.1",
        "source-map-support": "~0.5.12"
      }
    },
    "ts-custom-error": {
      "version": "3.3.1",
      "resolved": "https://registry.npmjs.org/ts-custom-error/-/ts-custom-error-3.3.1.tgz",
      "integrity": "sha512-5OX1tzOjxWEgsr/YEUWSuPrQ00deKLh6D7OTWcvNHm12/7QPyRh8SYpyWvA4IZv8H/+GQWQEh/kwo95Q9OVW1A=="
    },
    "tslib": {
      "version": "1.14.1",
      "resolved": "https://registry.npmjs.org/tslib/-/tslib-1.14.1.tgz",
      "integrity": "sha512-Xni35NKzjgMrwevysHTCArtLDpPvye8zV/0E4EyYn43P7/7qvQwPh9BGkHewbMulVntbigmcT7rdX3BNo9wRJg=="
    },
    "tsyringe": {
      "version": "4.5.0",
      "resolved": "https://registry.npmjs.org/tsyringe/-/tsyringe-4.5.0.tgz",
      "integrity": "sha512-XvYgdUxkmGQfpCkKyr/ybJx71OLSnNec1SO0xdohMjaS2UOEyKi76YfKx92XUXgc1TocypHENg6y4wCyYyMKag==",
      "requires": {
        "tslib": "^1.9.3"
      }
    },
    "ui-select": {
      "version": "0.18.1",
      "resolved": "https://registry.npmjs.org/ui-select/-/ui-select-0.18.1.tgz",
      "integrity": "sha512-bNkRFa8r7/vByHh59x9g1OK+gniCIBCC97jRwoCq9y6tsfOXN52LgrqzUCGrM05UwAuvyXvL0HchipVjNIDGkg=="
    },
    "ui-select-infinity": {
      "version": "0.1.5",
      "resolved": "https://registry.npmjs.org/ui-select-infinity/-/ui-select-infinity-0.1.5.tgz",
      "integrity": "sha512-RY126XrpNSJNJc6uSVkf1Htb62LWRxw8BQ0IzAcAdvZQAhVhIov2OBq+AQFeupfWwsxa1ZY4yNvJoeKR6GIfeg=="
    }
  }
}
